
Microsoft Visual Studio Solution File, Format Version 12.00
# Visual Studio Version 16
VisualStudioVersion = 16.0.30907.101
MinimumVisualStudioVersion = 10.0.40219.1
Project("{FAE04EC0-301F-11D3-BF4B-00C04F79EFBC}") = "Operação matematica - Vetor", "Operação matematica - Vetor\Operação matematica - Vetor.csproj", "{8C40EA42-CCA3-41C0-B2D4-9AD319C9FB8E}"
EndProject
Global
	GlobalSection(SolutionConfigurationPlatforms) = preSolution
		Debug|Any CPU = Debug|Any CPU
		Release|Any CPU = Release|Any CPU
	EndGlobalSection
	GlobalSection(ProjectConfigurationPlatforms) = postSolution
		{8C40EA42-CCA3-41C0-B2D4-9AD319C9FB8E}.Debug|Any CPU.ActiveCfg = Debug|Any CPU
		{8C40EA42-CCA3-41C0-B2D4-9AD319C9FB8E}.Debug|Any CPU.Build.0 = Debug|Any CPU
		{8C40EA42-CCA3-41C0-B2D4-9AD319C9FB8E}.Release|Any CPU.ActiveCfg = Release|Any CPU
		{8C40EA42-CCA3-41C0-B2D4-9AD319C9FB8E}.Release|Any CPU.Build.0 = Release|Any CPU
	EndGlobalSection
	GlobalSection(SolutionProperties) = preSolution
		HideSolutionNode = FALSE
	EndGlobalSection
	GlobalSection(ExtensibilityGlobals) = postSolution
		SolutionGuid = {ED55F4C1-29F6-4842-BCEF-BFE3F4874CAD}
	EndGlobalSection
EndGlobal
