
Microsoft Visual Studio Solution File, Format Version 12.00
# Visual Studio Version 16
VisualStudioVersion = 16.0.30907.101
MinimumVisualStudioVersion = 10.0.40219.1
Project("{FAE04EC0-301F-11D3-BF4B-00C04F79EFBC}") = "Encapsulamento", "Encapsulamento\Encapsulamento.csproj", "{FA18668B-5689-4467-B801-71107EF71AED}"
EndProject
Global
	GlobalSection(SolutionConfigurationPlatforms) = preSolution
		Debug|Any CPU = Debug|Any CPU
		Release|Any CPU = Release|Any CPU
	EndGlobalSection
	GlobalSection(ProjectConfigurationPlatforms) = postSolution
		{FA18668B-5689-4467-B801-71107EF71AED}.Debug|Any CPU.ActiveCfg = Debug|Any CPU
		{FA18668B-5689-4467-B801-71107EF71AED}.Debug|Any CPU.Build.0 = Debug|Any CPU
		{FA18668B-5689-4467-B801-71107EF71AED}.Release|Any CPU.ActiveCfg = Release|Any CPU
		{FA18668B-5689-4467-B801-71107EF71AED}.Release|Any CPU.Build.0 = Release|Any CPU
	EndGlobalSection
	GlobalSection(SolutionProperties) = preSolution
		HideSolutionNode = FALSE
	EndGlobalSection
	GlobalSection(ExtensibilityGlobals) = postSolution
		SolutionGuid = {FC1A6FF2-0EDC-4932-BFF4-CB383150E619}
	EndGlobalSection
EndGlobal
