
Microsoft Visual Studio Solution File, Format Version 12.00
# Visual Studio Version 16
VisualStudioVersion = 16.0.30907.101
MinimumVisualStudioVersion = 10.0.40219.1
Project("{FAE04EC0-301F-11D3-BF4B-00C04F79EFBC}") = "Garbage collector", "Garbage collector\Garbage collector.csproj", "{F55C5056-AE13-4D3D-AEC6-73493295755F}"
EndProject
Global
	GlobalSection(SolutionConfigurationPlatforms) = preSolution
		Debug|Any CPU = Debug|Any CPU
		Release|Any CPU = Release|Any CPU
	EndGlobalSection
	GlobalSection(ProjectConfigurationPlatforms) = postSolution
		{F55C5056-AE13-4D3D-AEC6-73493295755F}.Debug|Any CPU.ActiveCfg = Debug|Any CPU
		{F55C5056-AE13-4D3D-AEC6-73493295755F}.Debug|Any CPU.Build.0 = Debug|Any CPU
		{F55C5056-AE13-4D3D-AEC6-73493295755F}.Release|Any CPU.ActiveCfg = Release|Any CPU
		{F55C5056-AE13-4D3D-AEC6-73493295755F}.Release|Any CPU.Build.0 = Release|Any CPU
	EndGlobalSection
	GlobalSection(SolutionProperties) = preSolution
		HideSolutionNode = FALSE
	EndGlobalSection
	GlobalSection(ExtensibilityGlobals) = postSolution
		SolutionGuid = {E49EEDAC-FD60-4E52-8A1B-708E90647C11}
	EndGlobalSection
EndGlobal
