
Microsoft Visual Studio Solution File, Format Version 12.00
# Visual Studio Version 16
VisualStudioVersion = 16.0.30907.101
MinimumVisualStudioVersion = 10.0.40219.1
Project("{FAE04EC0-301F-11D3-BF4B-00C04F79EFBC}") = "Properties", "Properties\Properties.csproj", "{91A40A91-4476-487A-AA66-66957929B774}"
EndProject
Global
	GlobalSection(SolutionConfigurationPlatforms) = preSolution
		Debug|Any CPU = Debug|Any CPU
		Release|Any CPU = Release|Any CPU
	EndGlobalSection
	GlobalSection(ProjectConfigurationPlatforms) = postSolution
		{91A40A91-4476-487A-AA66-66957929B774}.Debug|Any CPU.ActiveCfg = Debug|Any CPU
		{91A40A91-4476-487A-AA66-66957929B774}.Debug|Any CPU.Build.0 = Debug|Any CPU
		{91A40A91-4476-487A-AA66-66957929B774}.Release|Any CPU.ActiveCfg = Release|Any CPU
		{91A40A91-4476-487A-AA66-66957929B774}.Release|Any CPU.Build.0 = Release|Any CPU
	EndGlobalSection
	GlobalSection(SolutionProperties) = preSolution
		HideSolutionNode = FALSE
	EndGlobalSection
	GlobalSection(ExtensibilityGlobals) = postSolution
		SolutionGuid = {CBDC5559-64B6-4B80-8A22-76ADB90B6A3D}
	EndGlobalSection
EndGlobal
