
Microsoft Visual Studio Solution File, Format Version 12.00
# Visual Studio Version 16
VisualStudioVersion = 16.0.30907.101
MinimumVisualStudioVersion = 10.0.40219.1
Project("{FAE04EC0-301F-11D3-BF4B-00C04F79EFBC}") = "Cotação do dolar - Estatico", "Cotação do dolar - Estatico\Cotação do dolar - Estatico.csproj", "{ACDC1438-1BCA-49C1-BBE9-6D80C880F6C1}"
EndProject
Global
	GlobalSection(SolutionConfigurationPlatforms) = preSolution
		Debug|Any CPU = Debug|Any CPU
		Release|Any CPU = Release|Any CPU
	EndGlobalSection
	GlobalSection(ProjectConfigurationPlatforms) = postSolution
		{ACDC1438-1BCA-49C1-BBE9-6D80C880F6C1}.Debug|Any CPU.ActiveCfg = Debug|Any CPU
		{ACDC1438-1BCA-49C1-BBE9-6D80C880F6C1}.Debug|Any CPU.Build.0 = Debug|Any CPU
		{ACDC1438-1BCA-49C1-BBE9-6D80C880F6C1}.Release|Any CPU.ActiveCfg = Release|Any CPU
		{ACDC1438-1BCA-49C1-BBE9-6D80C880F6C1}.Release|Any CPU.Build.0 = Release|Any CPU
	EndGlobalSection
	GlobalSection(SolutionProperties) = preSolution
		HideSolutionNode = FALSE
	EndGlobalSection
	GlobalSection(ExtensibilityGlobals) = postSolution
		SolutionGuid = {BEC8D1E8-AFD4-4751-A182-F005B08A7971}
	EndGlobalSection
EndGlobal
