
Microsoft Visual Studio Solution File, Format Version 12.00
# Visual Studio Version 16
VisualStudioVersion = 16.0.30907.101
MinimumVisualStudioVersion = 10.0.40219.1
Project("{FAE04EC0-301F-11D3-BF4B-00C04F79EFBC}") = "Nullable - Coalescência nula", "Nullable - Coalescência nula\Nullable - Coalescência nula.csproj", "{7BC15416-3C60-4091-8EE0-2CAE6BCCA496}"
EndProject
Global
	GlobalSection(SolutionConfigurationPlatforms) = preSolution
		Debug|Any CPU = Debug|Any CPU
		Release|Any CPU = Release|Any CPU
	EndGlobalSection
	GlobalSection(ProjectConfigurationPlatforms) = postSolution
		{7BC15416-3C60-4091-8EE0-2CAE6BCCA496}.Debug|Any CPU.ActiveCfg = Debug|Any CPU
		{7BC15416-3C60-4091-8EE0-2CAE6BCCA496}.Debug|Any CPU.Build.0 = Debug|Any CPU
		{7BC15416-3C60-4091-8EE0-2CAE6BCCA496}.Release|Any CPU.ActiveCfg = Release|Any CPU
		{7BC15416-3C60-4091-8EE0-2CAE6BCCA496}.Release|Any CPU.Build.0 = Release|Any CPU
	EndGlobalSection
	GlobalSection(SolutionProperties) = preSolution
		HideSolutionNode = FALSE
	EndGlobalSection
	GlobalSection(ExtensibilityGlobals) = postSolution
		SolutionGuid = {AF693239-81D2-4D48-90EF-F8F540677EB3}
	EndGlobalSection
EndGlobal
